
Microsoft Visual Studio Solution File, Format Version 12.00
# Visual Studio 2013
VisualStudioVersion = 12.0.30501.0
MinimumVisualStudioVersion = 10.0.40219.1
Project("{FAE04EC0-301F-11D3-BF4B-00C04F79EFBC}") = "chatroom_server", "chatroom_server\chatroom_server.csproj", "{E8543B0D-EC8E-4B50-8A88-B5A5B59CF6CE}"
EndProject
Project("{FAE04EC0-301F-11D3-BF4B-00C04F79EFBC}") = "chatroom_client", "chatroom_client\chatroom_client.csproj", "{4723B21D-2B82-4233-A9AB-D3E68697686B}"
EndProject
Project("{F088123C-0E9E-452A-89E6-6BA2F21D5CAC}") = "ModelingProject1", "ModelingProject1\ModelingProject1.modelproj", "{DD50FD81-A1F2-407C-8386-88905667C7CD}"
EndProject
Global
	GlobalSection(SolutionConfigurationPlatforms) = preSolution
		Debug|Any CPU = Debug|Any CPU
		Release|Any CPU = Release|Any CPU
	EndGlobalSection
	GlobalSection(ProjectConfigurationPlatforms) = postSolution
		{E8543B0D-EC8E-4B50-8A88-B5A5B59CF6CE}.Debug|Any CPU.ActiveCfg = Debug|Any CPU
		{E8543B0D-EC8E-4B50-8A88-B5A5B59CF6CE}.Debug|Any CPU.Build.0 = Debug|Any CPU
		{E8543B0D-EC8E-4B50-8A88-B5A5B59CF6CE}.Release|Any CPU.ActiveCfg = Release|Any CPU
		{E8543B0D-EC8E-4B50-8A88-B5A5B59CF6CE}.Release|Any CPU.Build.0 = Release|Any CPU
		{4723B21D-2B82-4233-A9AB-D3E68697686B}.Debug|Any CPU.ActiveCfg = Debug|Any CPU
		{4723B21D-2B82-4233-A9AB-D3E68697686B}.Debug|Any CPU.Build.0 = Debug|Any CPU
		{4723B21D-2B82-4233-A9AB-D3E68697686B}.Release|Any CPU.ActiveCfg = Release|Any CPU
		{4723B21D-2B82-4233-A9AB-D3E68697686B}.Release|Any CPU.Build.0 = Release|Any CPU
		{DD50FD81-A1F2-407C-8386-88905667C7CD}.Debug|Any CPU.ActiveCfg = Debug|Any CPU
		{DD50FD81-A1F2-407C-8386-88905667C7CD}.Debug|Any CPU.Build.0 = Debug|Any CPU
		{DD50FD81-A1F2-407C-8386-88905667C7CD}.Release|Any CPU.ActiveCfg = Release|Any CPU
		{DD50FD81-A1F2-407C-8386-88905667C7CD}.Release|Any CPU.Build.0 = Release|Any CPU
	EndGlobalSection
	GlobalSection(SolutionProperties) = preSolution
		HideSolutionNode = FALSE
	EndGlobalSection
EndGlobal
